// !$*UTF8*$!
{
	archiveVersion = 1;
	classes = {
	};
	objectVersion = 46;
	objects = {

/* Begin PBXBuildFile section */
		55BB0A5B254DEB7E001AC59C /* main.m in Sources */ = {isa = PBXBuildFile; fileRef = 55BB0A5A254DEB7E001AC59C /* main.m */; };
		55BB0A66254DEB7E001AC59C /* Assets.xcassets in Resources */ = {isa = PBXBuildFile; fileRef = 55BB0A65254DEB7E001AC59C /* Assets.xcassets */; };
		55BB0A8A254DEE3A001AC59C /* TVMLKit.framework in Frameworks */ = {isa = PBXBuildFile; fileRef = 55BB0A89254DEE3A001AC59C /* TVMLKit.framework */; };
/* End PBXBuildFile section */

/* Begin PBXFileReference section */
		55BB0A56254DEB7E001AC59C /* YouTubeRedux.app */ = {isa = PBXFileReference; explicitFileType = wrapper.application; includeInIndex = 0; path = YouTubeRedux.app; sourceTree = BUILT_PRODUCTS_DIR; };
		55BB0A5A254DEB7E001AC59C /* main.m */ = {isa = PBXFileReference; lastKnownFileType = sourcecode.c.objc; path = main.m; sourceTree = "<group>"; };
		55BB0A65254DEB7E001AC59C /* Assets.xcassets */ = {isa = PBXFileReference; lastKnownFileType = folder.assetcatalog; path = Assets.xcassets; sourceTree = "<group>"; };
		55BB0A67254DEB7E001AC59C /* Info.plist */ = {isa = PBXFileReference; lastKnownFileType = text.plist.xml; path = Info.plist; sourceTree = "<group>"; };
		55BB0A89254DEE3A001AC59C /* TVMLKit.framework */ = {isa = PBXFileReference; lastKnownFileType = wrapper.framework; name = TVMLKit.framework; path = System/Library/Frameworks/TVMLKit.framework; sourceTree = SDKROOT; };
/* End PBXFileReference section */

/* Begin PBXFrameworksBuildPhase section */
		55BB0A53254DEB7E001AC59C /* Frameworks */ = {
			isa = PBXFrameworksBuildPhase;
			buildActionMask = 2147483647;
			files = (
				55BB0A8A254DEE3A001AC59C /* TVMLKit.framework in Frameworks */,
			);
			runOnlyForDeploymentPostprocessing = 0;
		};
/* End PBXFrameworksBuildPhase section */

/* Begin PBXGroup section */
		55BB0A4D254DEB7E001AC59C = {
			isa = PBXGroup;
			children = (
				55BB0A89254DEE3A001AC59C /* TVMLKit.framework */,
				55BB0A58254DEB7E001AC59C /* YouTubeRedux */,
				55BB0A57254DEB7E001AC59C /* Products */,
			);
			sourceTree = "<group>";
		};
		55BB0A57254DEB7E001AC59C /* Products */ = {
			isa = PBXGroup;
			children = (
				55BB0A56254DEB7E001AC59C /* YouTubeRedux.app */,
			);
			name = Products;
			sourceTree = "<group>";
		};
		55BB0A58254DEB7E001AC59C /* YouTubeRedux */ = {
			isa = PBXGroup;
			children = (
				55BB0A65254DEB7E001AC59C /* Assets.xcassets */,
				55BB0A67254DEB7E001AC59C /* Info.plist */,
				55BB0A5A254DEB7E001AC59C /* main.m */,
			);
			path = YouTubeRedux;
			sourceTree = "<group>";
		};
/* End PBXGroup section */

/* Begin PBXNativeTarget section */
		55BB0A55254DEB7E001AC59C /* YouTubeRedux */ = {
			isa = PBXNativeTarget;
			buildConfigurationList = 55BB0A80254DEB7E001AC59C /* Build configuration list for PBXNativeTarget "YouTubeRedux" */;
			buildPhases = (
				55BB0A52254DEB7E001AC59C /* Sources */,
				55BB0A53254DEB7E001AC59C /* Frameworks */,
				55BB0A54254DEB7E001AC59C /* Resources */,
			);
			buildRules = (
			);
			dependencies = (
			);
			name = YouTubeRedux;
			productName = YouTubeRedux;
			productReference = 55BB0A56254DEB7E001AC59C /* YouTubeRedux.app */;
			productType = "com.apple.product-type.application";
		};
/* End PBXNativeTarget section */

/* Begin PBXProject section */
		55BB0A4E254DEB7E001AC59C /* Project object */ = {
			isa = PBXProject;
			attributes = {
				LastUpgradeCheck = 0720;
				TargetAttributes = {
					55BB0A55254DEB7E001AC59C = {
						CreatedOnToolsVersion = 7.2;
						DevelopmentTeam = 6M5BCW6QH8;
					};
				};
			};
			buildConfigurationList = 55BB0A51254DEB7E001AC59C /* Build configuration list for PBXProject "YouTubeRedux" */;
			compatibilityVersion = "Xcode 3.2";
			developmentRegion = English;
			hasScannedForEncodings = 0;
			knownRegions = (
				English,
				en,
				Base,
			);
			mainGroup = 55BB0A4D254DEB7E001AC59C;
			productRefGroup = 55BB0A57254DEB7E001AC59C /* Products */;
			projectDirPath = "";
			projectRoot = "";
			targets = (
				55BB0A55254DEB7E001AC59C /* YouTubeRedux */,
			);
		};
/* End PBXProject section */

/* Begin PBXResourcesBuildPhase section */
		55BB0A54254DEB7E001AC59C /* Resources */ = {
			isa = PBXResourcesBuildPhase;
			buildActionMask = 2147483647;
			files = (
				55BB0A66254DEB7E001AC59C /* Assets.xcassets in Resources */,
			);
			runOnlyForDeploymentPostprocessing = 0;
		};
/* End PBXResourcesBuildPhase section */

/* Begin PBXSourcesBuildPhase section */
		55BB0A52254DEB7E001AC59C /* Sources */ = {
			isa = PBXSourcesBuildPhase;
			buildActionMask = 2147483647;
			files = (
				55BB0A5B254DEB7E001AC59C /* main.m in Sources */,
			);
			runOnlyForDeploymentPostprocessing = 0;
		};
/* End PBXSourcesBuildPhase section */

/* Begin XCBuildConfiguration section */
		55BB0A7E254DEB7E001AC59C /* Debug */ = {
			isa = XCBuildConfiguration;
			buildSettings = {
				ALWAYS_SEARCH_USER_PATHS = NO;
				CLANG_CXX_LANGUAGE_STANDARD = "gnu++0x";
				CLANG_CXX_LIBRARY = "libc++";
				CLANG_ENABLE_MODULES = YES;
				CLANG_ENABLE_OBJC_ARC = YES;
				CLANG_WARN_BOOL_CONVERSION = YES;
				CLANG_WARN_CONSTANT_CONVERSION = YES;
				CLANG_WARN_DIRECT_OBJC_ISA_USAGE = YES_ERROR;
				CLANG_WARN_EMPTY_BODY = YES;
				CLANG_WARN_ENUM_CONVERSION = YES;
				CLANG_WARN_INT_CONVERSION = YES;
				CLANG_WARN_OBJC_ROOT_CLASS = YES_ERROR;
				CLANG_WARN_UNREACHABLE_CODE = YES;
				CLANG_WARN__DUPLICATE_METHOD_MATCH = YES;
				COPY_PHASE_STRIP = NO;
				DEBUG_INFORMATION_FORMAT = dwarf;
				ENABLE_STRICT_OBJC_MSGSEND = YES;
				ENABLE_TESTABILITY = YES;
				GCC_C_LANGUAGE_STANDARD = gnu99;
				GCC_DYNAMIC_NO_PIC = NO;
				GCC_NO_COMMON_BLOCKS = YES;
				GCC_OPTIMIZATION_LEVEL = 0;
				GCC_PREPROCESSOR_DEFINITIONS = (
					"DEBUG=1",
					"$(inherited)",
				);
				GCC_WARN_64_TO_32_BIT_CONVERSION = YES;
				GCC_WARN_ABOUT_RETURN_TYPE = YES_ERROR;
				GCC_WARN_UNDECLARED_SELECTOR = YES;
				GCC_WARN_UNINITIALIZED_AUTOS = YES_AGGRESSIVE;
				GCC_WARN_UNUSED_FUNCTION = YES;
				GCC_WARN_UNUSED_VARIABLE = YES;
				MTL_ENABLE_DEBUG_INFO = YES;
				ONLY_ACTIVE_ARCH = YES;
				SDKROOT = appletvos;
				TARGETED_DEVICE_FAMILY = 3;
				TVOS_DEPLOYMENT_TARGET = 9.1;
			};
			name = Debug;
		};
		55BB0A7F254DEB7E001AC59C /* Release */ = {
			isa = XCBuildConfiguration;
			buildSettings = {
				ALWAYS_SEARCH_USER_PATHS = NO;
				CLANG_CXX_LANGUAGE_STANDARD = "gnu++0x";
				CLANG_CXX_LIBRARY = "libc++";
				CLANG_ENABLE_MODULES = YES;
				CLANG_ENABLE_OBJC_ARC = YES;
				CLANG_WARN_BOOL_CONVERSION = YES;
				CLANG_WARN_CONSTANT_CONVERSION = YES;
				CLANG_WARN_DIRECT_OBJC_ISA_USAGE = YES_ERROR;
				CLANG_WARN_EMPTY_BODY = YES;
				CLANG_WARN_ENUM_CONVERSION = YES;
				CLANG_WARN_INT_CONVERSION = YES;
				CLANG_WARN_OBJC_ROOT_CLASS = YES_ERROR;
				CLANG_WARN_UNREACHABLE_CODE = YES;
				CLANG_WARN__DUPLICATE_METHOD_MATCH = YES;
				COPY_PHASE_STRIP = NO;
				DEBUG_INFORMATION_FORMAT = "dwarf-with-dsym";
				ENABLE_NS_ASSERTIONS = NO;
				ENABLE_STRICT_OBJC_MSGSEND = YES;
				GCC_C_LANGUAGE_STANDARD = gnu99;
				GCC_NO_COMMON_BLOCKS = YES;
				GCC_WARN_64_TO_32_BIT_CONVERSION = YES;
				GCC_WARN_ABOUT_RETURN_TYPE = YES_ERROR;
				GCC_WARN_UNDECLARED_SELECTOR = YES;
				GCC_WARN_UNINITIALIZED_AUTOS = YES_AGGRESSIVE;
				GCC_WARN_UNUSED_FUNCTION = YES;
				GCC_WARN_UNUSED_VARIABLE = YES;
				MTL_ENABLE_DEBUG_INFO = NO;
				SDKROOT = appletvos;
				TARGETED_DEVICE_FAMILY = 3;
				TVOS_DEPLOYMENT_TARGET = 9.1;
				VALIDATE_PRODUCT = YES;
			};
			name = Release;
		};
		55BB0A81254DEB7E001AC59C /* Debug */ = {
			isa = XCBuildConfiguration;
			buildSettings = {
				ASSETCATALOG_COMPILER_APPICON_NAME = "App Icon & Top Shelf Image";
				ASSETCATALOG_COMPILER_LAUNCHIMAGE_NAME = LaunchImage;
				DEVELOPMENT_TEAM = 6M5BCW6QH8;
				INFOPLIST_FILE = YouTubeRedux/Info.plist;
				LD_RUNPATH_SEARCH_PATHS = "$(inherited) @executable_path/Frameworks";
				PRODUCT_BUNDLE_IDENTIFIER = com.dnicolson.YouTubeRedux;
				PRODUCT_NAME = "$(TARGET_NAME)";
			};
			name = Debug;
		};
		55BB0A82254DEB7E001AC59C /* Release */ = {
			isa = XCBuildConfiguration;
			buildSettings = {
				ASSETCATALOG_COMPILER_APPICON_NAME = "App Icon & Top Shelf Image";
				ASSETCATALOG_COMPILER_LAUNCHIMAGE_NAME = LaunchImage;
				DEVELOPMENT_TEAM = 6M5BCW6QH8;
				INFOPLIST_FILE = YouTubeRedux/Info.plist;
				LD_RUNPATH_SEARCH_PATHS = "$(inherited) @executable_path/Frameworks";
				PRODUCT_BUNDLE_IDENTIFIER = com.dnicolson.YouTubeRedux;
				PRODUCT_NAME = "$(TARGET_NAME)";
			};
			name = Release;
		};
/* End XCBuildConfiguration section */

/* Begin XCConfigurationList section */
		55BB0A51254DEB7E001AC59C /* Build configuration list for PBXProject "YouTubeRedux" */ = {
			isa = XCConfigurationList;
			buildConfigurations = (
				55BB0A7E254DEB7E001AC59C /* Debug */,
				55BB0A7F254DEB7E001AC59C /* Release */,
			);
			defaultConfigurationIsVisible = 0;
			defaultConfigurationName = Release;
		};
		55BB0A80254DEB7E001AC59C /* Build configuration list for PBXNativeTarget "YouTubeRedux" */ = {
			isa = XCConfigurationList;
			buildConfigurations = (
				55BB0A81254DEB7E001AC59C /* Debug */,
				55BB0A82254DEB7E001AC59C /* Release */,
			);
			defaultConfigurationIsVisible = 0;
			defaultConfigurationName = Release;
		};
/* End XCConfigurationList section */
	};
	rootObject = 55BB0A4E254DEB7E001AC59C /* Project object */;
}
